
Microsoft Visual Studio Solution File, Format Version 12.00
# Visual Studio Version 16
VisualStudioVersion = 25.0.1705.4
MinimumVisualStudioVersion = 10.0.40219.1
Project("{FAE04EC0-301F-11D3-BF4B-00C04F79EFBC}") = "MyBaseNet7Code", "MyBaseNet7Code.csproj", "{C9DD8366-9943-4A3F-A252-92554B1E9CB7}"
EndProject
Global
	GlobalSection(SolutionConfigurationPlatforms) = preSolution
		Debug|Any CPU = Debug|Any CPU
		Release|Any CPU = Release|Any CPU
	EndGlobalSection
	GlobalSection(ProjectConfigurationPlatforms) = postSolution
		{C9DD8366-9943-4A3F-A252-92554B1E9CB7}.Debug|Any CPU.ActiveCfg = Debug|Any CPU
		{C9DD8366-9943-4A3F-A252-92554B1E9CB7}.Debug|Any CPU.Build.0 = Debug|Any CPU
		{C9DD8366-9943-4A3F-A252-92554B1E9CB7}.Release|Any CPU.ActiveCfg = Release|Any CPU
		{C9DD8366-9943-4A3F-A252-92554B1E9CB7}.Release|Any CPU.Build.0 = Release|Any CPU
	EndGlobalSection
	GlobalSection(SolutionProperties) = preSolution
		HideSolutionNode = FALSE
	EndGlobalSection
	GlobalSection(ExtensibilityGlobals) = postSolution
		SolutionGuid = {885A9927-93CC-4025-B514-8B898EFD79D1}
	EndGlobalSection
EndGlobal
